
Microsoft Visual Studio Solution File, Format Version 12.00
# Visual Studio Version 16
VisualStudioVersion = 16.0.32407.337
MinimumVisualStudioVersion = 10.0.40219.1
Project("{FAE04EC0-301F-11D3-BF4B-00C04F79EFBC}") = "ImageClient", "ImageClient\ImageClient.csproj", "{C558C870-959F-408D-A567-D142B1A57906}"
EndProject
Global
	GlobalSection(SolutionConfigurationPlatforms) = preSolution
		Debug|Any CPU = Debug|Any CPU
		Release|Any CPU = Release|Any CPU
	EndGlobalSection
	GlobalSection(ProjectConfigurationPlatforms) = postSolution
		{C558C870-959F-408D-A567-D142B1A57906}.Debug|Any CPU.ActiveCfg = Debug|Any CPU
		{C558C870-959F-408D-A567-D142B1A57906}.Debug|Any CPU.Build.0 = Debug|Any CPU
		{C558C870-959F-408D-A567-D142B1A57906}.Release|Any CPU.ActiveCfg = Release|Any CPU
		{C558C870-959F-408D-A567-D142B1A57906}.Release|Any CPU.Build.0 = Release|Any CPU
	EndGlobalSection
	GlobalSection(SolutionProperties) = preSolution
		HideSolutionNode = FALSE
	EndGlobalSection
	GlobalSection(ExtensibilityGlobals) = postSolution
		SolutionGuid = {B4258E7E-DC8E-449E-96FD-D2DD8B3A3A68}
	EndGlobalSection
EndGlobal
